
Microsoft Visual Studio Solution File, Format Version 12.00
# Visual Studio Version 16
VisualStudioVersion = 16.0.32106.194
MinimumVisualStudioVersion = 10.0.40219.1
Project("{9A19103F-16F7-4668-BE54-9A1E7A4F7556}") = "Challengue", "Challengue\Challengue.csproj", "{E1AEAFEF-EABC-45C5-A84B-48725AB36D0E}"
EndProject
Project("{FAE04EC0-301F-11D3-BF4B-00C04F79EFBC}") = "TestProject1", "TestProject1\TestProject1.csproj", "{1838C566-ED11-4ECA-86CD-4312554A1BA2}"
EndProject
Global
	GlobalSection(SolutionConfigurationPlatforms) = preSolution
		Debug|Any CPU = Debug|Any CPU
		Release|Any CPU = Release|Any CPU
	EndGlobalSection
	GlobalSection(ProjectConfigurationPlatforms) = postSolution
		{E1AEAFEF-EABC-45C5-A84B-48725AB36D0E}.Debug|Any CPU.ActiveCfg = Debug|Any CPU
		{E1AEAFEF-EABC-45C5-A84B-48725AB36D0E}.Debug|Any CPU.Build.0 = Debug|Any CPU
		{E1AEAFEF-EABC-45C5-A84B-48725AB36D0E}.Release|Any CPU.ActiveCfg = Release|Any CPU
		{E1AEAFEF-EABC-45C5-A84B-48725AB36D0E}.Release|Any CPU.Build.0 = Release|Any CPU
		{1838C566-ED11-4ECA-86CD-4312554A1BA2}.Debug|Any CPU.ActiveCfg = Debug|Any CPU
		{1838C566-ED11-4ECA-86CD-4312554A1BA2}.Debug|Any CPU.Build.0 = Debug|Any CPU
		{1838C566-ED11-4ECA-86CD-4312554A1BA2}.Release|Any CPU.ActiveCfg = Release|Any CPU
		{1838C566-ED11-4ECA-86CD-4312554A1BA2}.Release|Any CPU.Build.0 = Release|Any CPU
	EndGlobalSection
	GlobalSection(SolutionProperties) = preSolution
		HideSolutionNode = FALSE
	EndGlobalSection
	GlobalSection(ExtensibilityGlobals) = postSolution
		SolutionGuid = {F36AA4F8-8A07-402F-8A8F-7B87149124C5}
	EndGlobalSection
EndGlobal
